
Microsoft Visual Studio Solution File, Format Version 12.00
# Visual Studio 15
VisualStudioVersion = 15.0.28307.438
MinimumVisualStudioVersion = 10.0.40219.1
Project("{FAE04EC0-301F-11D3-BF4B-00C04F79EFBC}") = "SignalRChat", "SignalRChat\SignalRChat.csproj", "{28B18C30-15F4-4AFC-9FB9-6EABE36E00F3}"
EndProject
Global
	GlobalSection(SolutionConfigurationPlatforms) = preSolution
		Debug|Any CPU = Debug|Any CPU
		Release|Any CPU = Release|Any CPU
	EndGlobalSection
	GlobalSection(ProjectConfigurationPlatforms) = postSolution
		{28B18C30-15F4-4AFC-9FB9-6EABE36E00F3}.Debug|Any CPU.ActiveCfg = Debug|Any CPU
		{28B18C30-15F4-4AFC-9FB9-6EABE36E00F3}.Debug|Any CPU.Build.0 = Debug|Any CPU
		{28B18C30-15F4-4AFC-9FB9-6EABE36E00F3}.Release|Any CPU.ActiveCfg = Release|Any CPU
		{28B18C30-15F4-4AFC-9FB9-6EABE36E00F3}.Release|Any CPU.Build.0 = Release|Any CPU
	EndGlobalSection
	GlobalSection(SolutionProperties) = preSolution
		HideSolutionNode = FALSE
	EndGlobalSection
	GlobalSection(ExtensibilityGlobals) = postSolution
		SolutionGuid = {3C3155D6-F476-4F33-84BA-25E07D2BE7D4}
	EndGlobalSection
EndGlobal
