
Microsoft Visual Studio Solution File, Format Version 12.00
# Visual Studio 15
VisualStudioVersion = 15.0.28307.438
MinimumVisualStudioVersion = 10.0.40219.1
Project("{FAE04EC0-301F-11D3-BF4B-00C04F79EFBC}") = "ContosoUniversity", "ContosoUniversity\ContosoUniversity.csproj", "{748C0958-C831-4E9F-967C-51DF5137E17B}"
EndProject
Global
	GlobalSection(SolutionConfigurationPlatforms) = preSolution
		Debug|Any CPU = Debug|Any CPU
		Release|Any CPU = Release|Any CPU
	EndGlobalSection
	GlobalSection(ProjectConfigurationPlatforms) = postSolution
		{748C0958-C831-4E9F-967C-51DF5137E17B}.Debug|Any CPU.ActiveCfg = Debug|Any CPU
		{748C0958-C831-4E9F-967C-51DF5137E17B}.Debug|Any CPU.Build.0 = Debug|Any CPU
		{748C0958-C831-4E9F-967C-51DF5137E17B}.Release|Any CPU.ActiveCfg = Release|Any CPU
		{748C0958-C831-4E9F-967C-51DF5137E17B}.Release|Any CPU.Build.0 = Release|Any CPU
	EndGlobalSection
	GlobalSection(SolutionProperties) = preSolution
		HideSolutionNode = FALSE
	EndGlobalSection
	GlobalSection(ExtensibilityGlobals) = postSolution
		SolutionGuid = {8E255679-15F2-4864-A7A4-4F1367FA74A3}
	EndGlobalSection
EndGlobal
